{
  "nodes": {
    "nixpkgs": {
      "locked": {
        "lastModified": 1622966049,
        "narHash": "sha256-6g+28v94ISkVk9TBSsITVOnB2slK8plieWPIF2jo/l0=",
        "owner": "nixos",
        "repo": "nixpkgs",
        "rev": "fbfb79400a08bf754e32b4d4fc3f7d8f8055cf94",
        "type": "github"
      },
      "original": {
        "owner": "nixos",
        "ref": "nixos-unstable",
        "repo": "nixpkgs",
        "type": "github"
      }
    },
    "nixpkgs-master": {
      "locked": {
        "lastModified": 1626832720,
        "narHash": "sha256-HE0hJSzrFlwFQiCQ+R3gdXEvjSXOXcUt62q6tRKJk+I=",
        "owner": "nixos",
        "repo": "nixpkgs",
        "rev": "cba59ab37645e778955c8ebee2b6b26defdb4f9e",
        "type": "github"
      },
      "original": {
        "owner": "nixos",
        "ref": "master",
        "repo": "nixpkgs",
        "type": "github"
      }
    },
    "root": {
      "inputs": {
        "nixpkgs": "nixpkgs",
        "nixpkgs-master": "nixpkgs-master"
      }
    }
  },
  "root": "root",
  "version": 7
}
