{
  "nodes": {
    "home-manager": {
      "inputs": {
        "nixpkgs": "nixpkgs"
      },
      "locked": {
        "lastModified": 1626743774,
        "narHash": "sha256-ah5l6UK+VgVoztzD/GXFBYU65DeAgGLOZYZKVe47oDY=",
        "owner": "nix-community",
        "repo": "home-manager",
        "rev": "fa483b82ab35c670de12a022d7c57237c3b31008",
        "type": "github"
      },
      "original": {
        "owner": "nix-community",
        "repo": "home-manager",
        "type": "github"
      }
    },
    "nixinate": {
      "inputs": {
        "nixpkgs": "nixpkgs_2"
      },
      "locked": {
        "lastModified": 1666918008,
        "narHash": "sha256-SqdXt8rPOj59mgIFwB+DvkzDbLWjrChw+UyVfMlS6Rg=",
        "owner": "matthewcroughan",
        "repo": "nixinate",
        "rev": "118c71c5111ab218d0cca3e4c77303797344b409",
        "type": "github"
      },
      "original": {
        "owner": "matthewcroughan",
        "repo": "nixinate",
        "type": "github"
      }
    },
    "nixpkgs": {
      "locked": {
        "lastModified": 1626832720,
        "narHash": "sha256-HE0hJSzrFlwFQiCQ+R3gdXEvjSXOXcUt62q6tRKJk+I=",
        "owner": "NixOS",
        "repo": "nixpkgs",
        "rev": "cba59ab37645e778955c8ebee2b6b26defdb4f9e",
        "type": "github"
      },
      "original": {
        "id": "nixpkgs",
        "type": "indirect"
      }
    },
    "nixpkgs-master": {
      "locked": {
        "lastModified": 1626832720,
        "narHash": "sha256-HE0hJSzrFlwFQiCQ+R3gdXEvjSXOXcUt62q6tRKJk+I=",
        "owner": "nixos",
        "repo": "nixpkgs",
        "rev": "cba59ab37645e778955c8ebee2b6b26defdb4f9e",
        "type": "github"
      },
      "original": {
        "owner": "nixos",
        "ref": "master",
        "repo": "nixpkgs",
        "type": "github"
      }
    },
    "nixpkgs_2": {
      "locked": {
        "lastModified": 1653060744,
        "narHash": "sha256-kfRusllRumpt33J1hPV+CeCCylCXEU7e0gn2/cIM7cY=",
        "owner": "nixos",
        "repo": "nixpkgs",
        "rev": "dfd82985c273aac6eced03625f454b334daae2e8",
        "type": "github"
      },
      "original": {
        "owner": "nixos",
        "ref": "nixos-unstable",
        "repo": "nixpkgs",
        "type": "github"
      }
    },
    "nixpkgs_3": {
      "locked": {
        "lastModified": 1668281765,
        "narHash": "sha256-6Tuj9CZ9HacMk7FJ8sF9XSVTBnUhVzlSY40Jo1krIaQ=",
        "owner": "nixos",
        "repo": "nixpkgs",
        "rev": "c5091eec689acc45d4d818109236da31d3685ca2",
        "type": "github"
      },
      "original": {
        "owner": "nixos",
        "ref": "nixos-22.05",
        "repo": "nixpkgs",
        "type": "github"
      }
    },
    "root": {
      "inputs": {
        "home-manager": "home-manager",
        "nixinate": "nixinate",
        "nixpkgs": "nixpkgs_3",
        "nixpkgs-master": "nixpkgs-master"
      }
    }
  },
  "root": "root",
  "version": 7
}
